// !$*UTF8*$!
{
	archiveVersion = 1;
	classes = {
	};
	objectVersion = 46;
	objects = {

/* Begin PBXBuildFile section */
		0901357D1F644534003795F6 /* WebViewCell.swift in Sources */ = {isa = PBXBuildFile; fileRef = 0901357C1F644534003795F6 /* WebViewCell.swift */; };
		092789301D49E8CA0059B2CC /* PoolProblems.swift in Sources */ = {isa = PBXBuildFile; fileRef = 0927892F1D49E8CA0059B2CC /* PoolProblems.swift */; };
		092BAD671EE3A98500D71457 /* MaterialView.swift in Sources */ = {isa = PBXBuildFile; fileRef = 092BAD661EE3A98500D71457 /* MaterialView.swift */; };
		092DEAA91D4758B300B7C637 /* MaintenanceDetailVC.swift in Sources */ = {isa = PBXBuildFile; fileRef = 092DEAA81D4758B300B7C637 /* MaintenanceDetailVC.swift */; };
		093D4E011D4D1DA900694C28 /* EventKit.framework in Frameworks */ = {isa = PBXBuildFile; fileRef = 0940F5451D2AC28F00BFA91C /* EventKit.framework */; };
		093D4E031D4D2B2800694C28 /* EventKitUI.framework in Frameworks */ = {isa = PBXBuildFile; fileRef = 093D4E021D4D2B2800694C28 /* EventKitUI.framework */; };
		0940F53A1D2AC0E200BFA91C /* ChemicalTableVC.swift in Sources */ = {isa = PBXBuildFile; fileRef = 0940F5391D2AC0E200BFA91C /* ChemicalTableVC.swift */; };
		0940F53C1D2AC10A00BFA91C /* ChemicalTableViewCell.swift in Sources */ = {isa = PBXBuildFile; fileRef = 0940F53B1D2AC10A00BFA91C /* ChemicalTableViewCell.swift */; };
		0940F53E1D2AC16200BFA91C /* WaterChemTableVC.swift in Sources */ = {isa = PBXBuildFile; fileRef = 0940F53D1D2AC16200BFA91C /* WaterChemTableVC.swift */; };
		0940F5401D2AC18400BFA91C /* WaterChemTableViewCell.swift in Sources */ = {isa = PBXBuildFile; fileRef = 0940F53F1D2AC18400BFA91C /* WaterChemTableViewCell.swift */; };
		0940F5441D2AC26C00BFA91C /* GalleryCell.swift in Sources */ = {isa = PBXBuildFile; fileRef = 0940F5431D2AC26C00BFA91C /* GalleryCell.swift */; };
		0940F5481D2AC35D00BFA91C /* GalleryDetailVC.swift in Sources */ = {isa = PBXBuildFile; fileRef = 0940F5471D2AC35D00BFA91C /* GalleryDetailVC.swift */; };
		0940F54A1D2AC38900BFA91C /* WaterChemDetailVC.swift in Sources */ = {isa = PBXBuildFile; fileRef = 0940F5491D2AC38900BFA91C /* WaterChemDetailVC.swift */; };
		0940F54C1D2AC3B900BFA91C /* ChemicalDetailVC.swift in Sources */ = {isa = PBXBuildFile; fileRef = 0940F54B1D2AC3B900BFA91C /* ChemicalDetailVC.swift */; };
		0940F54E1D2AC3E600BFA91C /* EquipmentDetailVC.swift in Sources */ = {isa = PBXBuildFile; fileRef = 0940F54D1D2AC3E600BFA91C /* EquipmentDetailVC.swift */; };
		0940F5501D2AF7F400BFA91C /* CleaningToolsTableVC.swift in Sources */ = {isa = PBXBuildFile; fileRef = 0940F54F1D2AF7F400BFA91C /* CleaningToolsTableVC.swift */; };
		0940F5521D2B007400BFA91C /* PlannerViewController.swift in Sources */ = {isa = PBXBuildFile; fileRef = 0940F5511D2B007400BFA91C /* PlannerViewController.swift */; };
		0940F5541D2B031400BFA91C /* CleaningToolsDetailVC.swift in Sources */ = {isa = PBXBuildFile; fileRef = 0940F5531D2B031400BFA91C /* CleaningToolsDetailVC.swift */; };
		0940F5561D2B040700BFA91C /* CalculatorVC.swift in Sources */ = {isa = PBXBuildFile; fileRef = 0940F5551D2B040700BFA91C /* CalculatorVC.swift */; };
		0940F55E1D2EC93600BFA91C /* HeaderReusableView.swift in Sources */ = {isa = PBXBuildFile; fileRef = 0940F55D1D2EC93600BFA91C /* HeaderReusableView.swift */; };
		0940F5631D2ED14B00BFA91C /* GalleryViewController.swift in Sources */ = {isa = PBXBuildFile; fileRef = 0940F5621D2ED14B00BFA91C /* GalleryViewController.swift */; };
		0940F59E1D38315C00BFA91C /* PoolCategory.swift in Sources */ = {isa = PBXBuildFile; fileRef = 0940F59D1D38315C00BFA91C /* PoolCategory.swift */; };
		0940F5A01D3883DB00BFA91C /* CleaningToolsTableViewCell.swift in Sources */ = {isa = PBXBuildFile; fileRef = 0940F59F1D3883DB00BFA91C /* CleaningToolsTableViewCell.swift */; };
		0943180E1D4E23D30025D71C /* NewReminderVC.swift in Sources */ = {isa = PBXBuildFile; fileRef = 0943180D1D4E23D30025D71C /* NewReminderVC.swift */; };
		094F624A1D4E180500850602 /* EditViewController.swift in Sources */ = {isa = PBXBuildFile; fileRef = 094F62491D4E180500850602 /* EditViewController.swift */; };
		094F624C1D4E1A5000850602 /* ReminderDetailsVC.swift in Sources */ = {isa = PBXBuildFile; fileRef = 094F624B1D4E1A5000850602 /* ReminderDetailsVC.swift */; };
		096912AD1EE524DE00809E76 /* pat.mp3 in Resources */ = {isa = PBXBuildFile; fileRef = 096912AC1EE524DE00809E76 /* pat.mp3 */; };
		096912AF1EE527D200809E76 /* RoundedImageView.swift in Sources */ = {isa = PBXBuildFile; fileRef = 096912AE1EE527D200809E76 /* RoundedImageView.swift */; };
		096912B11EE5406A00809E76 /* SwiftWebVC.framework in Frameworks */ = {isa = PBXBuildFile; fileRef = 096912B01EE5406A00809E76 /* SwiftWebVC.framework */; };
		098CCA6B1EE474A400295E0F /* BorderedButtons.swift in Sources */ = {isa = PBXBuildFile; fileRef = 098CCA6A1EE474A400295E0F /* BorderedButtons.swift */; };
		098CCA6D1EE478F200295E0F /* BorderedLabels.swift in Sources */ = {isa = PBXBuildFile; fileRef = 098CCA6C1EE478F200295E0F /* BorderedLabels.swift */; };
		098CCA6F1EE4824E00295E0F /* BorderedTextViews.swift in Sources */ = {isa = PBXBuildFile; fileRef = 098CCA6E1EE4824E00295E0F /* BorderedTextViews.swift */; };
		098F96401D455CFB00E1B157 /* MenuTableVC.swift in Sources */ = {isa = PBXBuildFile; fileRef = 098F963F1D455CFB00E1B157 /* MenuTableVC.swift */; };
		098F96441D4561DC00E1B157 /* KittenSlant.ttf in Resources */ = {isa = PBXBuildFile; fileRef = 098F96431D4561DC00E1B157 /* KittenSlant.ttf */; };
		098F96521D45F98C00E1B157 /* PoolCalendarVC.swift in Sources */ = {isa = PBXBuildFile; fileRef = 098F96511D45F98C00E1B157 /* PoolCalendarVC.swift */; };
		0990713B1D246EC400477EA2 /* AppDelegate.swift in Sources */ = {isa = PBXBuildFile; fileRef = 0990713A1D246EC400477EA2 /* AppDelegate.swift */; };
		0990713D1D246EC400477EA2 /* MainViewController.swift in Sources */ = {isa = PBXBuildFile; fileRef = 0990713C1D246EC400477EA2 /* MainViewController.swift */; };
		099071401D246EC400477EA2 /* Main.storyboard in Resources */ = {isa = PBXBuildFile; fileRef = 0990713E1D246EC400477EA2 /* Main.storyboard */; };
		099071421D246EC400477EA2 /* Assets.xcassets in Resources */ = {isa = PBXBuildFile; fileRef = 099071411D246EC400477EA2 /* Assets.xcassets */; };
		099071451D246EC400477EA2 /* LaunchScreen.storyboard in Resources */ = {isa = PBXBuildFile; fileRef = 099071431D246EC400477EA2 /* LaunchScreen.storyboard */; };
		0990716C1D28B64900477EA2 /* EquipTableViewController.swift in Sources */ = {isa = PBXBuildFile; fileRef = 0990716B1D28B64900477EA2 /* EquipTableViewController.swift */; };
		099071731D29C0ED00477EA2 /* EquipTableViewCell.swift in Sources */ = {isa = PBXBuildFile; fileRef = 099071721D29C0ED00477EA2 /* EquipTableViewCell.swift */; };
		099071781D29D36F00477EA2 /* PoolData.swift in Sources */ = {isa = PBXBuildFile; fileRef = 099071771D29D36F00477EA2 /* PoolData.swift */; };
		099383A41D47C67100085A3E /* MaintenanceVC.swift in Sources */ = {isa = PBXBuildFile; fileRef = 099383A31D47C67100085A3E /* MaintenanceVC.swift */; };
		099383A61D47C68E00085A3E /* MaintenanceCell.swift in Sources */ = {isa = PBXBuildFile; fileRef = 099383A51D47C68E00085A3E /* MaintenanceCell.swift */; };
		099383A81D493B7D00085A3E /* CoreLocation.framework in Frameworks */ = {isa = PBXBuildFile; fileRef = 099383A71D493B7D00085A3E /* CoreLocation.framework */; };
		099383AC1D493DDA00085A3E /* Alamofire.framework in Frameworks */ = {isa = PBXBuildFile; fileRef = 099383AB1D493DDA00085A3E /* Alamofire.framework */; };
		099383B01D49E2A500085A3E /* Problems.swift in Sources */ = {isa = PBXBuildFile; fileRef = 099383AF1D49E2A500085A3E /* Problems.swift */; };
		0997EDAE1D4FEA570040D354 /* SafariServices.framework in Frameworks */ = {isa = PBXBuildFile; fileRef = 0997EDAD1D4FEA570040D354 /* SafariServices.framework */; };
		0997EDB21D4FEB230040D354 /* CustomWebViewController.swift in Sources */ = {isa = PBXBuildFile; fileRef = 0997EDB11D4FEB230040D354 /* CustomWebViewController.swift */; };
		09DDBDE71D514C26005CB74F /* splash.mp3 in Resources */ = {isa = PBXBuildFile; fileRef = 09DDBDE61D514C26005CB74F /* splash.mp3 */; };
		09DDBDE91D5162AC005CB74F /* AVFoundation.framework in Frameworks */ = {isa = PBXBuildFile; fileRef = 09DDBDE81D5162AC005CB74F /* AVFoundation.framework */; };
		09F9075C1EE5479900035D50 /* Media.xcassets in Resources */ = {isa = PBXBuildFile; fileRef = 09F9075B1EE5479900035D50 /* Media.xcassets */; };
		09F9076A1EE548EA00035D50 /* LICENSE in Resources */ = {isa = PBXBuildFile; fileRef = 09F907681EE548EA00035D50 /* LICENSE */; };
		09F9076B1EE548EA00035D50 /* README.md in Sources */ = {isa = PBXBuildFile; fileRef = 09F907691EE548EA00035D50 /* README.md */; };
		0EDBA26F19798933DC108830 /* Pods_PoolBuddy.framework in Frameworks */ = {isa = PBXBuildFile; fileRef = CD68EB4371AECBC15D6BCDB9 /* Pods_PoolBuddy.framework */; };
/* End PBXBuildFile section */

/* Begin PBXFileReference section */
		0901357C1F644534003795F6 /* WebViewCell.swift */ = {isa = PBXFileReference; fileEncoding = 4; lastKnownFileType = sourcecode.swift; path = WebViewCell.swift; sourceTree = "<group>"; };
		0927892F1D49E8CA0059B2CC /* PoolProblems.swift */ = {isa = PBXFileReference; fileEncoding = 4; lastKnownFileType = sourcecode.swift; path = PoolProblems.swift; sourceTree = "<group>"; };
		092BAD661EE3A98500D71457 /* MaterialView.swift */ = {isa = PBXFileReference; fileEncoding = 4; lastKnownFileType = sourcecode.swift; path = MaterialView.swift; sourceTree = "<group>"; };
		092DEAA81D4758B300B7C637 /* MaintenanceDetailVC.swift */ = {isa = PBXFileReference; fileEncoding = 4; lastKnownFileType = sourcecode.swift; path = MaintenanceDetailVC.swift; sourceTree = "<group>"; };
		093D4E021D4D2B2800694C28 /* EventKitUI.framework */ = {isa = PBXFileReference; lastKnownFileType = wrapper.framework; name = EventKitUI.framework; path = System/Library/Frameworks/EventKitUI.framework; sourceTree = SDKROOT; };
		0940F5391D2AC0E200BFA91C /* ChemicalTableVC.swift */ = {isa = PBXFileReference; fileEncoding = 4; lastKnownFileType = sourcecode.swift; path = ChemicalTableVC.swift; sourceTree = "<group>"; };
		0940F53B1D2AC10A00BFA91C /* ChemicalTableViewCell.swift */ = {isa = PBXFileReference; fileEncoding = 4; lastKnownFileType = sourcecode.swift; path = ChemicalTableViewCell.swift; sourceTree = "<group>"; };
		0940F53D1D2AC16200BFA91C /* WaterChemTableVC.swift */ = {isa = PBXFileReference; fileEncoding = 4; lastKnownFileType = sourcecode.swift; path = WaterChemTableVC.swift; sourceTree = "<group>"; };
		0940F53F1D2AC18400BFA91C /* WaterChemTableViewCell.swift */ = {isa = PBXFileReference; fileEncoding = 4; lastKnownFileType = sourcecode.swift; path = WaterChemTableViewCell.swift; sourceTree = "<group>"; };
		0940F5431D2AC26C00BFA91C /* GalleryCell.swift */ = {isa = PBXFileReference; fileEncoding = 4; lastKnownFileType = sourcecode.swift; path = GalleryCell.swift; sourceTree = "<group>"; };
		0940F5451D2AC28F00BFA91C /* EventKit.framework */ = {isa = PBXFileReference; lastKnownFileType = wrapper.framework; name = EventKit.framework; path = System/Library/Frameworks/EventKit.framework; sourceTree = SDKROOT; };
		0940F5471D2AC35D00BFA91C /* GalleryDetailVC.swift */ = {isa = PBXFileReference; fileEncoding = 4; lastKnownFileType = sourcecode.swift; path = GalleryDetailVC.swift; sourceTree = "<group>"; };
		0940F5491D2AC38900BFA91C /* WaterChemDetailVC.swift */ = {isa = PBXFileReference; fileEncoding = 4; lastKnownFileType = sourcecode.swift; path = WaterChemDetailVC.swift; sourceTree = "<group>"; };
		0940F54B1D2AC3B900BFA91C /* ChemicalDetailVC.swift */ = {isa = PBXFileReference; fileEncoding = 4; lastKnownFileType = sourcecode.swift; path = ChemicalDetailVC.swift; sourceTree = "<group>"; };
		0940F54D1D2AC3E600BFA91C /* EquipmentDetailVC.swift */ = {isa = PBXFileReference; fileEncoding = 4; lastKnownFileType = sourcecode.swift; path = EquipmentDetailVC.swift; sourceTree = "<group>"; };
		0940F54F1D2AF7F400BFA91C /* CleaningToolsTableVC.swift */ = {isa = PBXFileReference; fileEncoding = 4; lastKnownFileType = sourcecode.swift; path = CleaningToolsTableVC.swift; sourceTree = "<group>"; };
		0940F5511D2B007400BFA91C /* PlannerViewController.swift */ = {isa = PBXFileReference; fileEncoding = 4; lastKnownFileType = sourcecode.swift; path = PlannerViewController.swift; sourceTree = "<group>"; };
		0940F5531D2B031400BFA91C /* CleaningToolsDetailVC.swift */ = {isa = PBXFileReference; fileEncoding = 4; lastKnownFileType = sourcecode.swift; path = CleaningToolsDetailVC.swift; sourceTree = "<group>"; };
		0940F5551D2B040700BFA91C /* CalculatorVC.swift */ = {isa = PBXFileReference; fileEncoding = 4; lastKnownFileType = sourcecode.swift; path = CalculatorVC.swift; sourceTree = "<group>"; };
		0940F55B1D2B078500BFA91C /* MessageUI.framework */ = {isa = PBXFileReference; lastKnownFileType = wrapper.framework; name = MessageUI.framework; path = System/Library/Frameworks/MessageUI.framework; sourceTree = SDKROOT; };
		0940F55D1D2EC93600BFA91C /* HeaderReusableView.swift */ = {isa = PBXFileReference; fileEncoding = 4; lastKnownFileType = sourcecode.swift; path = HeaderReusableView.swift; sourceTree = "<group>"; };
		0940F5621D2ED14B00BFA91C /* GalleryViewController.swift */ = {isa = PBXFileReference; fileEncoding = 4; lastKnownFileType = sourcecode.swift; path = GalleryViewController.swift; sourceTree = "<group>"; };
		0940F59D1D38315C00BFA91C /* PoolCategory.swift */ = {isa = PBXFileReference; fileEncoding = 4; lastKnownFileType = sourcecode.swift; path = PoolCategory.swift; sourceTree = "<group>"; };
		0940F59F1D3883DB00BFA91C /* CleaningToolsTableViewCell.swift */ = {isa = PBXFileReference; fileEncoding = 4; lastKnownFileType = sourcecode.swift; path = CleaningToolsTableViewCell.swift; sourceTree = "<group>"; };
		0943180D1D4E23D30025D71C /* NewReminderVC.swift */ = {isa = PBXFileReference; fileEncoding = 4; lastKnownFileType = sourcecode.swift; path = NewReminderVC.swift; sourceTree = "<group>"; };
		094F62491D4E180500850602 /* EditViewController.swift */ = {isa = PBXFileReference; fileEncoding = 4; lastKnownFileType = sourcecode.swift; path = EditViewController.swift; sourceTree = "<group>"; };
		094F624B1D4E1A5000850602 /* ReminderDetailsVC.swift */ = {isa = PBXFileReference; fileEncoding = 4; lastKnownFileType = sourcecode.swift; path = ReminderDetailsVC.swift; sourceTree = "<group>"; };
		096912AC1EE524DE00809E76 /* pat.mp3 */ = {isa = PBXFileReference; lastKnownFileType = audio.mp3; path = pat.mp3; sourceTree = "<group>"; };
		096912AE1EE527D200809E76 /* RoundedImageView.swift */ = {isa = PBXFileReference; fileEncoding = 4; lastKnownFileType = sourcecode.swift; path = RoundedImageView.swift; sourceTree = "<group>"; };
		096912B01EE5406A00809E76 /* SwiftWebVC.framework */ = {isa = PBXFileReference; lastKnownFileType = wrapper.framework; name = SwiftWebVC.framework; path = "../../../My_Projects/PoolBuddy-egqkowucmmzeunfxouomewptzlpv/Build/Products/Debug-iphonesimulator/SwiftWebVC/SwiftWebVC.framework"; sourceTree = "<group>"; };
		098CCA6A1EE474A400295E0F /* BorderedButtons.swift */ = {isa = PBXFileReference; fileEncoding = 4; lastKnownFileType = sourcecode.swift; path = BorderedButtons.swift; sourceTree = "<group>"; };
		098CCA6C1EE478F200295E0F /* BorderedLabels.swift */ = {isa = PBXFileReference; fileEncoding = 4; lastKnownFileType = sourcecode.swift; path = BorderedLabels.swift; sourceTree = "<group>"; };
		098CCA6E1EE4824E00295E0F /* BorderedTextViews.swift */ = {isa = PBXFileReference; fileEncoding = 4; lastKnownFileType = sourcecode.swift; path = BorderedTextViews.swift; sourceTree = "<group>"; };
		098F963F1D455CFB00E1B157 /* MenuTableVC.swift */ = {isa = PBXFileReference; fileEncoding = 4; lastKnownFileType = sourcecode.swift; path = MenuTableVC.swift; sourceTree = "<group>"; };
		098F96431D4561DC00E1B157 /* KittenSlant.ttf */ = {isa = PBXFileReference; lastKnownFileType = file; path = KittenSlant.ttf; sourceTree = "<group>"; };
		098F96511D45F98C00E1B157 /* PoolCalendarVC.swift */ = {isa = PBXFileReference; fileEncoding = 4; lastKnownFileType = sourcecode.swift; path = PoolCalendarVC.swift; sourceTree = "<group>"; };
		099071371D246EC400477EA2 /* PoolBuddy.app */ = {isa = PBXFileReference; explicitFileType = wrapper.application; includeInIndex = 0; path = PoolBuddy.app; sourceTree = BUILT_PRODUCTS_DIR; };
		0990713A1D246EC400477EA2 /* AppDelegate.swift */ = {isa = PBXFileReference; lastKnownFileType = sourcecode.swift; path = AppDelegate.swift; sourceTree = "<group>"; };
		0990713C1D246EC400477EA2 /* MainViewController.swift */ = {isa = PBXFileReference; lastKnownFileType = sourcecode.swift; path = MainViewController.swift; sourceTree = "<group>"; };
		0990713F1D246EC400477EA2 /* Base */ = {isa = PBXFileReference; lastKnownFileType = file.storyboard; name = Base; path = Base.lproj/Main.storyboard; sourceTree = "<group>"; };
		099071411D246EC400477EA2 /* Assets.xcassets */ = {isa = PBXFileReference; lastKnownFileType = folder.assetcatalog; path = Assets.xcassets; sourceTree = "<group>"; };
		099071441D246EC400477EA2 /* Base */ = {isa = PBXFileReference; lastKnownFileType = file.storyboard; name = Base; path = Base.lproj/LaunchScreen.storyboard; sourceTree = "<group>"; };
		099071461D246EC400477EA2 /* Info.plist */ = {isa = PBXFileReference; lastKnownFileType = text.plist.xml; path = Info.plist; sourceTree = "<group>"; };
		099071551D26FA7F00477EA2 /* WebKit.framework */ = {isa = PBXFileReference; lastKnownFileType = wrapper.framework; name = WebKit.framework; path = System/Library/Frameworks/WebKit.framework; sourceTree = SDKROOT; };
		0990716B1D28B64900477EA2 /* EquipTableViewController.swift */ = {isa = PBXFileReference; fileEncoding = 4; lastKnownFileType = sourcecode.swift; path = EquipTableViewController.swift; sourceTree = "<group>"; };
		099071721D29C0ED00477EA2 /* EquipTableViewCell.swift */ = {isa = PBXFileReference; fileEncoding = 4; lastKnownFileType = sourcecode.swift; path = EquipTableViewCell.swift; sourceTree = "<group>"; };
		099071771D29D36F00477EA2 /* PoolData.swift */ = {isa = PBXFileReference; fileEncoding = 4; lastKnownFileType = sourcecode.swift; path = PoolData.swift; sourceTree = "<group>"; };
		099383A31D47C67100085A3E /* MaintenanceVC.swift */ = {isa = PBXFileReference; fileEncoding = 4; lastKnownFileType = sourcecode.swift; path = MaintenanceVC.swift; sourceTree = "<group>"; };
		099383A51D47C68E00085A3E /* MaintenanceCell.swift */ = {isa = PBXFileReference; fileEncoding = 4; lastKnownFileType = sourcecode.swift; path = MaintenanceCell.swift; sourceTree = "<group>"; };
		099383A71D493B7D00085A3E /* CoreLocation.framework */ = {isa = PBXFileReference; lastKnownFileType = wrapper.framework; name = CoreLocation.framework; path = System/Library/Frameworks/CoreLocation.framework; sourceTree = SDKROOT; };
		099383AB1D493DDA00085A3E /* Alamofire.framework */ = {isa = PBXFileReference; lastKnownFileType = wrapper.framework; name = Alamofire.framework; path = "../../../../../Full Sail/Current Class/Visual Frameworks/Developer/PoolBuddy-flzcgzmjbrtxzwhagsnyinkfwjhx/Build/Products/Debug-iphonesimulator/Alamofire/Alamofire.framework"; sourceTree = "<group>"; };
		099383AF1D49E2A500085A3E /* Problems.swift */ = {isa = PBXFileReference; fileEncoding = 4; lastKnownFileType = sourcecode.swift; path = Problems.swift; sourceTree = "<group>"; };
		0997EDAD1D4FEA570040D354 /* SafariServices.framework */ = {isa = PBXFileReference; lastKnownFileType = wrapper.framework; name = SafariServices.framework; path = System/Library/Frameworks/SafariServices.framework; sourceTree = SDKROOT; };
		0997EDB11D4FEB230040D354 /* CustomWebViewController.swift */ = {isa = PBXFileReference; fileEncoding = 4; lastKnownFileType = sourcecode.swift; path = CustomWebViewController.swift; sourceTree = "<group>"; };
		09DDBDE61D514C26005CB74F /* splash.mp3 */ = {isa = PBXFileReference; lastKnownFileType = audio.mp3; path = splash.mp3; sourceTree = "<group>"; };
		09DDBDE81D5162AC005CB74F /* AVFoundation.framework */ = {isa = PBXFileReference; lastKnownFileType = wrapper.framework; name = AVFoundation.framework; path = System/Library/Frameworks/AVFoundation.framework; sourceTree = SDKROOT; };
		09F9075B1EE5479900035D50 /* Media.xcassets */ = {isa = PBXFileReference; lastKnownFileType = folder.assetcatalog; path = Media.xcassets; sourceTree = "<group>"; };
		09F907681EE548EA00035D50 /* LICENSE */ = {isa = PBXFileReference; fileEncoding = 4; lastKnownFileType = text; path = LICENSE; sourceTree = "<group>"; };
		09F907691EE548EA00035D50 /* README.md */ = {isa = PBXFileReference; fileEncoding = 4; lastKnownFileType = net.daringfireball.markdown; path = README.md; sourceTree = "<group>"; };
		C38C8472777C383D75137C8C /* Pods-PoolBuddy.debug.xcconfig */ = {isa = PBXFileReference; includeInIndex = 1; lastKnownFileType = text.xcconfig; name = "Pods-PoolBuddy.debug.xcconfig"; path = "Pods/Target Support Files/Pods-PoolBuddy/Pods-PoolBuddy.debug.xcconfig"; sourceTree = "<group>"; };
		CD68EB4371AECBC15D6BCDB9 /* Pods_PoolBuddy.framework */ = {isa = PBXFileReference; explicitFileType = wrapper.framework; includeInIndex = 0; path = Pods_PoolBuddy.framework; sourceTree = BUILT_PRODUCTS_DIR; };
		F66F71243FA1F37067EE3835 /* Pods-PoolBuddy.release.xcconfig */ = {isa = PBXFileReference; includeInIndex = 1; lastKnownFileType = text.xcconfig; name = "Pods-PoolBuddy.release.xcconfig"; path = "Pods/Target Support Files/Pods-PoolBuddy/Pods-PoolBuddy.release.xcconfig"; sourceTree = "<group>"; };
/* End PBXFileReference section */

/* Begin PBXFrameworksBuildPhase section */
		099071341D246EC400477EA2 /* Frameworks */ = {
			isa = PBXFrameworksBuildPhase;
			buildActionMask = 2147483647;
			files = (
				096912B11EE5406A00809E76 /* SwiftWebVC.framework in Frameworks */,
				09DDBDE91D5162AC005CB74F /* AVFoundation.framework in Frameworks */,
				0997EDAE1D4FEA570040D354 /* SafariServices.framework in Frameworks */,
				093D4E031D4D2B2800694C28 /* EventKitUI.framework in Frameworks */,
				093D4E011D4D1DA900694C28 /* EventKit.framework in Frameworks */,
				099383AC1D493DDA00085A3E /* Alamofire.framework in Frameworks */,
				099383A81D493B7D00085A3E /* CoreLocation.framework in Frameworks */,
				0EDBA26F19798933DC108830 /* Pods_PoolBuddy.framework in Frameworks */,
			);
			runOnlyForDeploymentPostprocessing = 0;
		};
/* End PBXFrameworksBuildPhase section */

/* Begin PBXGroup section */
		092BAD621EE3982A00D71457 /* Utilities */ = {
			isa = PBXGroup;
			children = (
			);
			name = Utilities;
			sourceTree = "<group>";
		};
		092BAD631EE3983900D71457 /* Controller */ = {
			isa = PBXGroup;
			children = (
				0940F5371D2AC04100BFA91C /* CalculatorViewControllers */,
				0940F5351D2AC01700BFA91C /* PlannerViewControllers */,
				0940F5361D2AC02E00BFA91C /* GalleryViewControllers */,
				092DEAA71D4757E100B7C637 /* MaintenanceViewControllers */,
				0940F5331D2ABF9000BFA91C /* ChemistryViewControllers */,
				0940F5321D2ABF7B00BFA91C /* ChemicalViewControllers */,
				0940F5341D2ABFAE00BFA91C /* CleaningToolsVC */,
				0940F5311D2ABF5A00BFA91C /* EquipmentViewControllers */,
				0990714E1D246F2300477EA2 /* MenuViewControllers */,
			);
			name = Controller;
			sourceTree = "<group>";
		};
		092BAD641EE3984900D71457 /* View */ = {
			isa = PBXGroup;
			children = (
				096912AE1EE527D200809E76 /* RoundedImageView.swift */,
				098CCA6E1EE4824E00295E0F /* BorderedTextViews.swift */,
				098CCA6C1EE478F200295E0F /* BorderedLabels.swift */,
				098CCA6A1EE474A400295E0F /* BorderedButtons.swift */,
				092BAD661EE3A98500D71457 /* MaterialView.swift */,
				0940F55D1D2EC93600BFA91C /* HeaderReusableView.swift */,
				0901357C1F644534003795F6 /* WebViewCell.swift */,
				0940F5431D2AC26C00BFA91C /* GalleryCell.swift */,
				099383A51D47C68E00085A3E /* MaintenanceCell.swift */,
				0940F53F1D2AC18400BFA91C /* WaterChemTableViewCell.swift */,
				0940F53B1D2AC10A00BFA91C /* ChemicalTableViewCell.swift */,
				0940F59F1D3883DB00BFA91C /* CleaningToolsTableViewCell.swift */,
				099071721D29C0ED00477EA2 /* EquipTableViewCell.swift */,
			);
			name = View;
			sourceTree = "<group>";
		};
		092BAD651EE3985300D71457 /* Model */ = {
			isa = PBXGroup;
			children = (
				099383AF1D49E2A500085A3E /* Problems.swift */,
				099071771D29D36F00477EA2 /* PoolData.swift */,
				0927892F1D49E8CA0059B2CC /* PoolProblems.swift */,
				0940F59D1D38315C00BFA91C /* PoolCategory.swift */,
			);
			name = Model;
			sourceTree = "<group>";
		};
		092DEAA71D4757E100B7C637 /* MaintenanceViewControllers */ = {
			isa = PBXGroup;
			children = (
				092DEAA81D4758B300B7C637 /* MaintenanceDetailVC.swift */,
				099383A31D47C67100085A3E /* MaintenanceVC.swift */,
			);
			name = MaintenanceViewControllers;
			sourceTree = "<group>";
		};
		0940F5311D2ABF5A00BFA91C /* EquipmentViewControllers */ = {
			isa = PBXGroup;
			children = (
				0940F54D1D2AC3E600BFA91C /* EquipmentDetailVC.swift */,
				0990716B1D28B64900477EA2 /* EquipTableViewController.swift */,
			);
			name = EquipmentViewControllers;
			sourceTree = "<group>";
		};
		0940F5321D2ABF7B00BFA91C /* ChemicalViewControllers */ = {
			isa = PBXGroup;
			children = (
				0940F54B1D2AC3B900BFA91C /* ChemicalDetailVC.swift */,
				0940F5391D2AC0E200BFA91C /* ChemicalTableVC.swift */,
			);
			name = ChemicalViewControllers;
			sourceTree = "<group>";
		};
		0940F5331D2ABF9000BFA91C /* ChemistryViewControllers */ = {
			isa = PBXGroup;
			children = (
				0940F5491D2AC38900BFA91C /* WaterChemDetailVC.swift */,
				0940F53D1D2AC16200BFA91C /* WaterChemTableVC.swift */,
			);
			name = ChemistryViewControllers;
			sourceTree = "<group>";
		};
		0940F5341D2ABFAE00BFA91C /* CleaningToolsVC */ = {
			isa = PBXGroup;
			children = (
				0940F5531D2B031400BFA91C /* CleaningToolsDetailVC.swift */,
				0940F54F1D2AF7F400BFA91C /* CleaningToolsTableVC.swift */,
			);
			name = CleaningToolsVC;
			sourceTree = "<group>";
		};
		0940F5351D2AC01700BFA91C /* PlannerViewControllers */ = {
			isa = PBXGroup;
			children = (
				0997EDB11D4FEB230040D354 /* CustomWebViewController.swift */,
				0943180D1D4E23D30025D71C /* NewReminderVC.swift */,
				094F624B1D4E1A5000850602 /* ReminderDetailsVC.swift */,
				094F62491D4E180500850602 /* EditViewController.swift */,
				098F96511D45F98C00E1B157 /* PoolCalendarVC.swift */,
				0940F5511D2B007400BFA91C /* PlannerViewController.swift */,
			);
			name = PlannerViewControllers;
			sourceTree = "<group>";
		};
		0940F5361D2AC02E00BFA91C /* GalleryViewControllers */ = {
			isa = PBXGroup;
			children = (
				0940F5471D2AC35D00BFA91C /* GalleryDetailVC.swift */,
				0940F5621D2ED14B00BFA91C /* GalleryViewController.swift */,
			);
			name = GalleryViewControllers;
			sourceTree = "<group>";
		};
		0940F5371D2AC04100BFA91C /* CalculatorViewControllers */ = {
			isa = PBXGroup;
			children = (
				0940F5551D2B040700BFA91C /* CalculatorVC.swift */,
			);
			name = CalculatorViewControllers;
			sourceTree = "<group>";
		};
		0990712E1D246EC400477EA2 = {
			isa = PBXGroup;
			children = (
				0990714C1D246F0900477EA2 /* Frameworks */,
				099071391D246EC400477EA2 /* PoolBuddy */,
				099071381D246EC400477EA2 /* Products */,
				22F402FE7628720DFF5D37F3 /* Pods */,
			);
			sourceTree = "<group>";
		};
		099071381D246EC400477EA2 /* Products */ = {
			isa = PBXGroup;
			children = (
				099071371D246EC400477EA2 /* PoolBuddy.app */,
			);
			name = Products;
			sourceTree = "<group>";
		};
		099071391D246EC400477EA2 /* PoolBuddy */ = {
			isa = PBXGroup;
			children = (
				0990714D1D246F1600477EA2 /* App */,
				092BAD621EE3982A00D71457 /* Utilities */,
				099071501D246F9700477EA2 /* Resources */,
				092BAD651EE3985300D71457 /* Model */,
				092BAD641EE3984900D71457 /* View */,
				092BAD631EE3983900D71457 /* Controller */,
				0990714F1D246F3E00477EA2 /* Storyboards */,
			);
			path = PoolBuddy;
			sourceTree = "<group>";
		};
		0990714C1D246F0900477EA2 /* Frameworks */ = {
			isa = PBXGroup;
			children = (
				096912B01EE5406A00809E76 /* SwiftWebVC.framework */,
				09DDBDE81D5162AC005CB74F /* AVFoundation.framework */,
				0997EDAD1D4FEA570040D354 /* SafariServices.framework */,
				093D4E021D4D2B2800694C28 /* EventKitUI.framework */,
				099383AB1D493DDA00085A3E /* Alamofire.framework */,
				099383A71D493B7D00085A3E /* CoreLocation.framework */,
				0940F55B1D2B078500BFA91C /* MessageUI.framework */,
				0940F5451D2AC28F00BFA91C /* EventKit.framework */,
				099071551D26FA7F00477EA2 /* WebKit.framework */,
				CD68EB4371AECBC15D6BCDB9 /* Pods_PoolBuddy.framework */,
			);
			name = Frameworks;
			sourceTree = "<group>";
		};
		0990714D1D246F1600477EA2 /* App */ = {
			isa = PBXGroup;
			children = (
				0990713A1D246EC400477EA2 /* AppDelegate.swift */,
			);
			name = App;
			sourceTree = "<group>";
		};
		0990714E1D246F2300477EA2 /* MenuViewControllers */ = {
			isa = PBXGroup;
			children = (
				098F963F1D455CFB00E1B157 /* MenuTableVC.swift */,
				0990713C1D246EC400477EA2 /* MainViewController.swift */,
			);
			name = MenuViewControllers;
			sourceTree = "<group>";
		};
		0990714F1D246F3E00477EA2 /* Storyboards */ = {
			isa = PBXGroup;
			children = (
				099071431D246EC400477EA2 /* LaunchScreen.storyboard */,
				0990713E1D246EC400477EA2 /* Main.storyboard */,
			);
			name = Storyboards;
			sourceTree = "<group>";
		};
		099071501D246F9700477EA2 /* Resources */ = {
			isa = PBXGroup;
			children = (
				09F907681EE548EA00035D50 /* LICENSE */,
				09F907691EE548EA00035D50 /* README.md */,
				099071461D246EC400477EA2 /* Info.plist */,
				096912AC1EE524DE00809E76 /* pat.mp3 */,
				09DDBDE61D514C26005CB74F /* splash.mp3 */,
				098F96431D4561DC00E1B157 /* KittenSlant.ttf */,
				099071411D246EC400477EA2 /* Assets.xcassets */,
				09F9075B1EE5479900035D50 /* Media.xcassets */,
			);
			name = Resources;
			sourceTree = "<group>";
		};
		22F402FE7628720DFF5D37F3 /* Pods */ = {
			isa = PBXGroup;
			children = (
				C38C8472777C383D75137C8C /* Pods-PoolBuddy.debug.xcconfig */,
				F66F71243FA1F37067EE3835 /* Pods-PoolBuddy.release.xcconfig */,
			);
			name = Pods;
			sourceTree = "<group>";
		};
/* End PBXGroup section */

/* Begin PBXNativeTarget section */
		099071361D246EC400477EA2 /* PoolBuddy */ = {
			isa = PBXNativeTarget;
			buildConfigurationList = 099071491D246EC400477EA2 /* Build configuration list for PBXNativeTarget "PoolBuddy" */;
			buildPhases = (
				49BFDE43B34F479688A5503A /* [CP] Check Pods Manifest.lock */,
				099071331D246EC400477EA2 /* Sources */,
				099071341D246EC400477EA2 /* Frameworks */,
				099071351D246EC400477EA2 /* Resources */,
				6E3840E4B33ABDC0C4347881 /* [CP] Embed Pods Frameworks */,
				B4851E503DA3EEE6F06D8EED /* [CP] Copy Pods Resources */,
			);
			buildRules = (
			);
			dependencies = (
			);
			name = PoolBuddy;
			productName = PoolBuddy;
			productReference = 099071371D246EC400477EA2 /* PoolBuddy.app */;
			productType = "com.apple.product-type.application";
		};
/* End PBXNativeTarget section */

/* Begin PBXProject section */
		0990712F1D246EC400477EA2 /* Project object */ = {
			isa = PBXProject;
			attributes = {
				LastSwiftUpdateCheck = 0730;
				LastUpgradeCheck = 0830;
				ORGANIZATIONNAME = "Full Sail";
				TargetAttributes = {
					099071361D246EC400477EA2 = {
						CreatedOnToolsVersion = 7.3.1;
						DevelopmentTeam = 6GTM24L94G;
						LastSwiftMigration = 0830;
					};
				};
			};
			buildConfigurationList = 099071321D246EC400477EA2 /* Build configuration list for PBXProject "PoolBuddy" */;
			compatibilityVersion = "Xcode 3.2";
			developmentRegion = English;
			hasScannedForEncodings = 0;
			knownRegions = (
				en,
				Base,
			);
			mainGroup = 0990712E1D246EC400477EA2;
			productRefGroup = 099071381D246EC400477EA2 /* Products */;
			projectDirPath = "";
			projectRoot = "";
			targets = (
				099071361D246EC400477EA2 /* PoolBuddy */,
			);
		};
/* End PBXProject section */

/* Begin PBXResourcesBuildPhase section */
		099071351D246EC400477EA2 /* Resources */ = {
			isa = PBXResourcesBuildPhase;
			buildActionMask = 2147483647;
			files = (
				096912AD1EE524DE00809E76 /* pat.mp3 in Resources */,
				099071451D246EC400477EA2 /* LaunchScreen.storyboard in Resources */,
				09F9076A1EE548EA00035D50 /* LICENSE in Resources */,
				09F9075C1EE5479900035D50 /* Media.xcassets in Resources */,
				099071421D246EC400477EA2 /* Assets.xcassets in Resources */,
				099071401D246EC400477EA2 /* Main.storyboard in Resources */,
				098F96441D4561DC00E1B157 /* KittenSlant.ttf in Resources */,
				09DDBDE71D514C26005CB74F /* splash.mp3 in Resources */,
			);
			runOnlyForDeploymentPostprocessing = 0;
		};
/* End PBXResourcesBuildPhase section */

/* Begin PBXShellScriptBuildPhase section */
		49BFDE43B34F479688A5503A /* [CP] Check Pods Manifest.lock */ = {
			isa = PBXShellScriptBuildPhase;
			buildActionMask = 2147483647;
			files = (
			);
			inputPaths = (
				"${PODS_PODFILE_DIR_PATH}/Podfile.lock",
				"${PODS_ROOT}/Manifest.lock",
			);
			name = "[CP] Check Pods Manifest.lock";
			outputPaths = (
				"$(DERIVED_FILE_DIR)/Pods-PoolBuddy-checkManifestLockResult.txt",
			);
			runOnlyForDeploymentPostprocessing = 0;
			shellPath = /bin/sh;
			shellScript = "diff \"${PODS_PODFILE_DIR_PATH}/Podfile.lock\" \"${PODS_ROOT}/Manifest.lock\" > /dev/null\nif [ $? != 0 ] ; then\n    # print error to STDERR\n    echo \"error: The sandbox is not in sync with the Podfile.lock. Run 'pod install' or update your CocoaPods installation.\" >&2\n    exit 1\nfi\n# This output is used by Xcode 'outputs' to avoid re-running this script phase.\necho \"SUCCESS\" > \"${SCRIPT_OUTPUT_FILE_0}\"\n";
			showEnvVarsInLog = 0;
		};
		6E3840E4B33ABDC0C4347881 /* [CP] Embed Pods Frameworks */ = {
			isa = PBXShellScriptBuildPhase;
			buildActionMask = 2147483647;
			files = (
			);
			inputPaths = (
				"${SRCROOT}/Pods/Target Support Files/Pods-PoolBuddy/Pods-PoolBuddy-frameworks.sh",
				"${BUILT_PRODUCTS_DIR}/Alamofire/Alamofire.framework",
				"${BUILT_PRODUCTS_DIR}/SwiftWebVC/SwiftWebVC.framework",
			);
			name = "[CP] Embed Pods Frameworks";
			outputPaths = (
				"${TARGET_BUILD_DIR}/${FRAMEWORKS_FOLDER_PATH}/Alamofire.framework",
				"${TARGET_BUILD_DIR}/${FRAMEWORKS_FOLDER_PATH}/SwiftWebVC.framework",
			);
			runOnlyForDeploymentPostprocessing = 0;
			shellPath = /bin/sh;
			shellScript = "\"${SRCROOT}/Pods/Target Support Files/Pods-PoolBuddy/Pods-PoolBuddy-frameworks.sh\"\n";
			showEnvVarsInLog = 0;
		};
		B4851E503DA3EEE6F06D8EED /* [CP] Copy Pods Resources */ = {
			isa = PBXShellScriptBuildPhase;
			buildActionMask = 2147483647;
			files = (
			);
			inputPaths = (
			);
			name = "[CP] Copy Pods Resources";
			outputPaths = (
			);
			runOnlyForDeploymentPostprocessing = 0;
			shellPath = /bin/sh;
			shellScript = "\"${SRCROOT}/Pods/Target Support Files/Pods-PoolBuddy/Pods-PoolBuddy-resources.sh\"\n";
			showEnvVarsInLog = 0;
		};
/* End PBXShellScriptBuildPhase section */

/* Begin PBXSourcesBuildPhase section */
		099071331D246EC400477EA2 /* Sources */ = {
			isa = PBXSourcesBuildPhase;
			buildActionMask = 2147483647;
			files = (
				0990713D1D246EC400477EA2 /* MainViewController.swift in Sources */,
				0940F5521D2B007400BFA91C /* PlannerViewController.swift in Sources */,
				0940F5401D2AC18400BFA91C /* WaterChemTableViewCell.swift in Sources */,
				092BAD671EE3A98500D71457 /* MaterialView.swift in Sources */,
				0940F5501D2AF7F400BFA91C /* CleaningToolsTableVC.swift in Sources */,
				0940F5561D2B040700BFA91C /* CalculatorVC.swift in Sources */,
				0940F53E1D2AC16200BFA91C /* WaterChemTableVC.swift in Sources */,
				099071781D29D36F00477EA2 /* PoolData.swift in Sources */,
				094F624A1D4E180500850602 /* EditViewController.swift in Sources */,
				0940F5441D2AC26C00BFA91C /* GalleryCell.swift in Sources */,
				0940F54A1D2AC38900BFA91C /* WaterChemDetailVC.swift in Sources */,
				099383A41D47C67100085A3E /* MaintenanceVC.swift in Sources */,
				0940F53C1D2AC10A00BFA91C /* ChemicalTableViewCell.swift in Sources */,
				0940F5541D2B031400BFA91C /* CleaningToolsDetailVC.swift in Sources */,
				092DEAA91D4758B300B7C637 /* MaintenanceDetailVC.swift in Sources */,
				098CCA6F1EE4824E00295E0F /* BorderedTextViews.swift in Sources */,
				098CCA6D1EE478F200295E0F /* BorderedLabels.swift in Sources */,
				0943180E1D4E23D30025D71C /* NewReminderVC.swift in Sources */,
				098CCA6B1EE474A400295E0F /* BorderedButtons.swift in Sources */,
				0940F5A01D3883DB00BFA91C /* CleaningToolsTableViewCell.swift in Sources */,
				0940F5631D2ED14B00BFA91C /* GalleryViewController.swift in Sources */,
				0997EDB21D4FEB230040D354 /* CustomWebViewController.swift in Sources */,
				0940F53A1D2AC0E200BFA91C /* ChemicalTableVC.swift in Sources */,
				0990713B1D246EC400477EA2 /* AppDelegate.swift in Sources */,
				0990716C1D28B64900477EA2 /* EquipTableViewController.swift in Sources */,
				098F96401D455CFB00E1B157 /* MenuTableVC.swift in Sources */,
				092789301D49E8CA0059B2CC /* PoolProblems.swift in Sources */,
				098F96521D45F98C00E1B157 /* PoolCalendarVC.swift in Sources */,
				094F624C1D4E1A5000850602 /* ReminderDetailsVC.swift in Sources */,
				099383B01D49E2A500085A3E /* Problems.swift in Sources */,
				099383A61D47C68E00085A3E /* MaintenanceCell.swift in Sources */,
				0940F54C1D2AC3B900BFA91C /* ChemicalDetailVC.swift in Sources */,
				096912AF1EE527D200809E76 /* RoundedImageView.swift in Sources */,
				0940F59E1D38315C00BFA91C /* PoolCategory.swift in Sources */,
				0940F55E1D2EC93600BFA91C /* HeaderReusableView.swift in Sources */,
				099071731D29C0ED00477EA2 /* EquipTableViewCell.swift in Sources */,
				0940F54E1D2AC3E600BFA91C /* EquipmentDetailVC.swift in Sources */,
				0940F5481D2AC35D00BFA91C /* GalleryDetailVC.swift in Sources */,
				09F9076B1EE548EA00035D50 /* README.md in Sources */,
				0901357D1F644534003795F6 /* WebViewCell.swift in Sources */,
			);
			runOnlyForDeploymentPostprocessing = 0;
		};
/* End PBXSourcesBuildPhase section */

/* Begin PBXVariantGroup section */
		0990713E1D246EC400477EA2 /* Main.storyboard */ = {
			isa = PBXVariantGroup;
			children = (
				0990713F1D246EC400477EA2 /* Base */,
			);
			name = Main.storyboard;
			sourceTree = "<group>";
		};
		099071431D246EC400477EA2 /* LaunchScreen.storyboard */ = {
			isa = PBXVariantGroup;
			children = (
				099071441D246EC400477EA2 /* Base */,
			);
			name = LaunchScreen.storyboard;
			sourceTree = "<group>";
		};
/* End PBXVariantGroup section */

/* Begin XCBuildConfiguration section */
		099071471D246EC400477EA2 /* Debug */ = {
			isa = XCBuildConfiguration;
			buildSettings = {
				ALWAYS_SEARCH_USER_PATHS = NO;
				CLANG_ANALYZER_NONNULL = YES;
				CLANG_CXX_LANGUAGE_STANDARD = "gnu++0x";
				CLANG_CXX_LIBRARY = "libc++";
				CLANG_ENABLE_MODULES = YES;
				CLANG_ENABLE_OBJC_ARC = YES;
				CLANG_WARN_BOOL_CONVERSION = YES;
				CLANG_WARN_CONSTANT_CONVERSION = YES;
				CLANG_WARN_DIRECT_OBJC_ISA_USAGE = YES_ERROR;
				CLANG_WARN_EMPTY_BODY = YES;
				CLANG_WARN_ENUM_CONVERSION = YES;
				CLANG_WARN_INFINITE_RECURSION = YES;
				CLANG_WARN_INT_CONVERSION = YES;
				CLANG_WARN_OBJC_ROOT_CLASS = YES_ERROR;
				CLANG_WARN_SUSPICIOUS_MOVE = YES;
				CLANG_WARN_UNREACHABLE_CODE = YES;
				CLANG_WARN__DUPLICATE_METHOD_MATCH = YES;
				"CODE_SIGN_IDENTITY[sdk=iphoneos*]" = "iPhone Developer";
				COPY_PHASE_STRIP = NO;
				DEBUG_INFORMATION_FORMAT = dwarf;
				ENABLE_BITCODE = NO;
				ENABLE_STRICT_OBJC_MSGSEND = YES;
				ENABLE_TESTABILITY = YES;
				GCC_C_LANGUAGE_STANDARD = gnu99;
				GCC_DYNAMIC_NO_PIC = NO;
				GCC_NO_COMMON_BLOCKS = YES;
				GCC_OPTIMIZATION_LEVEL = 0;
				GCC_PREPROCESSOR_DEFINITIONS = (
					"DEBUG=1",
					"$(inherited)",
				);
				GCC_WARN_64_TO_32_BIT_CONVERSION = YES;
				GCC_WARN_ABOUT_RETURN_TYPE = YES_ERROR;
				GCC_WARN_UNDECLARED_SELECTOR = YES;
				GCC_WARN_UNINITIALIZED_AUTOS = YES_AGGRESSIVE;
				GCC_WARN_UNUSED_FUNCTION = YES;
				GCC_WARN_UNUSED_VARIABLE = YES;
				IPHONEOS_DEPLOYMENT_TARGET = 10.3;
				MTL_ENABLE_DEBUG_INFO = YES;
				ONLY_ACTIVE_ARCH = YES;
				SDKROOT = iphoneos;
				SWIFT_OPTIMIZATION_LEVEL = "-Onone";
				TARGETED_DEVICE_FAMILY = "1,2";
			};
			name = Debug;
		};
		099071481D246EC400477EA2 /* Release */ = {
			isa = XCBuildConfiguration;
			buildSettings = {
				ALWAYS_SEARCH_USER_PATHS = NO;
				CLANG_ANALYZER_NONNULL = YES;
				CLANG_CXX_LANGUAGE_STANDARD = "gnu++0x";
				CLANG_CXX_LIBRARY = "libc++";
				CLANG_ENABLE_MODULES = YES;
				CLANG_ENABLE_OBJC_ARC = YES;
				CLANG_WARN_BOOL_CONVERSION = YES;
				CLANG_WARN_CONSTANT_CONVERSION = YES;
				CLANG_WARN_DIRECT_OBJC_ISA_USAGE = YES_ERROR;
				CLANG_WARN_EMPTY_BODY = YES;
				CLANG_WARN_ENUM_CONVERSION = YES;
				CLANG_WARN_INFINITE_RECURSION = YES;
				CLANG_WARN_INT_CONVERSION = YES;
				CLANG_WARN_OBJC_ROOT_CLASS = YES_ERROR;
				CLANG_WARN_SUSPICIOUS_MOVE = YES;
				CLANG_WARN_UNREACHABLE_CODE = YES;
				CLANG_WARN__DUPLICATE_METHOD_MATCH = YES;
				"CODE_SIGN_IDENTITY[sdk=iphoneos*]" = "iPhone Developer";
				COPY_PHASE_STRIP = NO;
				DEBUG_INFORMATION_FORMAT = "dwarf-with-dsym";
				ENABLE_BITCODE = NO;
				ENABLE_NS_ASSERTIONS = NO;
				ENABLE_STRICT_OBJC_MSGSEND = YES;
				GCC_C_LANGUAGE_STANDARD = gnu99;
				GCC_NO_COMMON_BLOCKS = YES;
				GCC_WARN_64_TO_32_BIT_CONVERSION = YES;
				GCC_WARN_ABOUT_RETURN_TYPE = YES_ERROR;
				GCC_WARN_UNDECLARED_SELECTOR = YES;
				GCC_WARN_UNINITIALIZED_AUTOS = YES_AGGRESSIVE;
				GCC_WARN_UNUSED_FUNCTION = YES;
				GCC_WARN_UNUSED_VARIABLE = YES;
				IPHONEOS_DEPLOYMENT_TARGET = 10.3;
				MTL_ENABLE_DEBUG_INFO = NO;
				SDKROOT = iphoneos;
				SWIFT_OPTIMIZATION_LEVEL = "-Owholemodule";
				TARGETED_DEVICE_FAMILY = "1,2";
				VALIDATE_PRODUCT = YES;
			};
			name = Release;
		};
		0990714A1D246EC400477EA2 /* Debug */ = {
			isa = XCBuildConfiguration;
			baseConfigurationReference = C38C8472777C383D75137C8C /* Pods-PoolBuddy.debug.xcconfig */;
			buildSettings = {
				ALWAYS_EMBED_SWIFT_STANDARD_LIBRARIES = YES;
				ASSETCATALOG_COMPILER_APPICON_NAME = AppIcon;
				CLANG_ENABLE_MODULES = YES;
				DEVELOPMENT_TEAM = 6GTM24L94G;
				INFOPLIST_FILE = PoolBuddy/Info.plist;
				IPHONEOS_DEPLOYMENT_TARGET = 10.3;
				LD_RUNPATH_SEARCH_PATHS = "$(inherited) @executable_path/Frameworks";
				PRODUCT_BUNDLE_IDENTIFIER = edu.fullsail.PoolBuddy;
				PRODUCT_NAME = "$(TARGET_NAME)";
				SWIFT_OBJC_BRIDGING_HEADER = "PoolBuddy/PoolBuddy-Bridging-Header.h";
				SWIFT_OPTIMIZATION_LEVEL = "-Onone";
				SWIFT_VERSION = 3.0;
				TARGETED_DEVICE_FAMILY = "1,2";
			};
			name = Debug;
		};
		0990714B1D246EC400477EA2 /* Release */ = {
			isa = XCBuildConfiguration;
			baseConfigurationReference = F66F71243FA1F37067EE3835 /* Pods-PoolBuddy.release.xcconfig */;
			buildSettings = {
				ALWAYS_EMBED_SWIFT_STANDARD_LIBRARIES = YES;
				ASSETCATALOG_COMPILER_APPICON_NAME = AppIcon;
				CLANG_ENABLE_MODULES = YES;
				DEVELOPMENT_TEAM = 6GTM24L94G;
				INFOPLIST_FILE = PoolBuddy/Info.plist;
				IPHONEOS_DEPLOYMENT_TARGET = 10.3;
				LD_RUNPATH_SEARCH_PATHS = "$(inherited) @executable_path/Frameworks";
				PRODUCT_BUNDLE_IDENTIFIER = edu.fullsail.PoolBuddy;
				PRODUCT_NAME = "$(TARGET_NAME)";
				SWIFT_OBJC_BRIDGING_HEADER = "PoolBuddy/PoolBuddy-Bridging-Header.h";
				SWIFT_VERSION = 3.0;
				TARGETED_DEVICE_FAMILY = "1,2";
			};
			name = Release;
		};
/* End XCBuildConfiguration section */

/* Begin XCConfigurationList section */
		099071321D246EC400477EA2 /* Build configuration list for PBXProject "PoolBuddy" */ = {
			isa = XCConfigurationList;
			buildConfigurations = (
				099071471D246EC400477EA2 /* Debug */,
				099071481D246EC400477EA2 /* Release */,
			);
			defaultConfigurationIsVisible = 0;
			defaultConfigurationName = Release;
		};
		099071491D246EC400477EA2 /* Build configuration list for PBXNativeTarget "PoolBuddy" */ = {
			isa = XCConfigurationList;
			buildConfigurations = (
				0990714A1D246EC400477EA2 /* Debug */,
				0990714B1D246EC400477EA2 /* Release */,
			);
			defaultConfigurationIsVisible = 0;
			defaultConfigurationName = Release;
		};
/* End XCConfigurationList section */
	};
	rootObject = 0990712F1D246EC400477EA2 /* Project object */;
}
